
Microsoft Visual Studio Solution File, Format Version 12.00
# Visual Studio 15
VisualStudioVersion = 15.0.26730.15
MinimumVisualStudioVersion = 10.0.40219.1
Project("{8BC9CEB8-8B4A-11D0-8D11-00A0C91BC942}") = "DcsAppForm", "DcsAppForm.vcxproj", "{4528D9BF-39C7-449F-9039-E6C97F87F3E9}"
	ProjectSection(ProjectDependencies) = postProject
		{08BAE171-A17A-45C6-B7EF-975EA27202B5} = {08BAE171-A17A-45C6-B7EF-975EA27202B5}
	EndProjectSection
EndProject
Project("{FAE04EC0-301F-11D3-BF4B-00C04F79EFBC}") = "FPGAConfig", "FPGAConfig\FPGAConfig.csproj", "{9EC0EED5-C513-4E8D-8A59-ACDA76169379}"
EndProject
Project("{8BC9CEB8-8B4A-11D0-8D11-00A0C91BC942}") = "LightAndTissPropertiesForm", "LightAndTissPropertiesForm\LightAndTissPropertiesForm.vcxproj", "{08BAE171-A17A-45C6-B7EF-975EA27202B5}"
EndProject
Global
	GlobalSection(SolutionConfigurationPlatforms) = preSolution
		Debug|Any CPU = Debug|Any CPU
		Debug|x64 = Debug|x64
		Debug|x86 = Debug|x86
		Release|Any CPU = Release|Any CPU
		Release|x64 = Release|x64
		Release|x86 = Release|x86
	EndGlobalSection
	GlobalSection(ProjectConfigurationPlatforms) = postSolution
		{4528D9BF-39C7-449F-9039-E6C97F87F3E9}.Debug|Any CPU.ActiveCfg = Debug|Win32
		{4528D9BF-39C7-449F-9039-E6C97F87F3E9}.Debug|Any CPU.Build.0 = Debug|Win32
		{4528D9BF-39C7-449F-9039-E6C97F87F3E9}.Debug|x64.ActiveCfg = Debug|x64
		{4528D9BF-39C7-449F-9039-E6C97F87F3E9}.Debug|x64.Build.0 = Debug|x64
		{4528D9BF-39C7-449F-9039-E6C97F87F3E9}.Debug|x86.ActiveCfg = Debug|Win32
		{4528D9BF-39C7-449F-9039-E6C97F87F3E9}.Debug|x86.Build.0 = Debug|Win32
		{4528D9BF-39C7-449F-9039-E6C97F87F3E9}.Release|Any CPU.ActiveCfg = Release|Win32
		{4528D9BF-39C7-449F-9039-E6C97F87F3E9}.Release|Any CPU.Build.0 = Release|Win32
		{4528D9BF-39C7-449F-9039-E6C97F87F3E9}.Release|x64.ActiveCfg = Release|x64
		{4528D9BF-39C7-449F-9039-E6C97F87F3E9}.Release|x64.Build.0 = Release|x64
		{4528D9BF-39C7-449F-9039-E6C97F87F3E9}.Release|x86.ActiveCfg = Release|Win32
		{4528D9BF-39C7-449F-9039-E6C97F87F3E9}.Release|x86.Build.0 = Release|Win32
		{9EC0EED5-C513-4E8D-8A59-ACDA76169379}.Debug|Any CPU.ActiveCfg = Debug|Any CPU
		{9EC0EED5-C513-4E8D-8A59-ACDA76169379}.Debug|Any CPU.Build.0 = Debug|Any CPU
		{9EC0EED5-C513-4E8D-8A59-ACDA76169379}.Debug|x64.ActiveCfg = Debug|Any CPU
		{9EC0EED5-C513-4E8D-8A59-ACDA76169379}.Debug|x64.Build.0 = Debug|Any CPU
		{9EC0EED5-C513-4E8D-8A59-ACDA76169379}.Debug|x86.ActiveCfg = Debug|Any CPU
		{9EC0EED5-C513-4E8D-8A59-ACDA76169379}.Debug|x86.Build.0 = Debug|Any CPU
		{9EC0EED5-C513-4E8D-8A59-ACDA76169379}.Release|Any CPU.ActiveCfg = Release|Any CPU
		{9EC0EED5-C513-4E8D-8A59-ACDA76169379}.Release|Any CPU.Build.0 = Release|Any CPU
		{9EC0EED5-C513-4E8D-8A59-ACDA76169379}.Release|x64.ActiveCfg = Release|Any CPU
		{9EC0EED5-C513-4E8D-8A59-ACDA76169379}.Release|x64.Build.0 = Release|Any CPU
		{9EC0EED5-C513-4E8D-8A59-ACDA76169379}.Release|x86.ActiveCfg = Release|Any CPU
		{9EC0EED5-C513-4E8D-8A59-ACDA76169379}.Release|x86.Build.0 = Release|Any CPU
		{08BAE171-A17A-45C6-B7EF-975EA27202B5}.Debug|Any CPU.ActiveCfg = Debug|Win32
		{08BAE171-A17A-45C6-B7EF-975EA27202B5}.Debug|Any CPU.Build.0 = Debug|Win32
		{08BAE171-A17A-45C6-B7EF-975EA27202B5}.Debug|x64.ActiveCfg = Debug|x64
		{08BAE171-A17A-45C6-B7EF-975EA27202B5}.Debug|x64.Build.0 = Debug|x64
		{08BAE171-A17A-45C6-B7EF-975EA27202B5}.Debug|x86.ActiveCfg = Debug|Win32
		{08BAE171-A17A-45C6-B7EF-975EA27202B5}.Debug|x86.Build.0 = Debug|Win32
		{08BAE171-A17A-45C6-B7EF-975EA27202B5}.Release|Any CPU.ActiveCfg = Release|Win32
		{08BAE171-A17A-45C6-B7EF-975EA27202B5}.Release|x64.ActiveCfg = Release|x64
		{08BAE171-A17A-45C6-B7EF-975EA27202B5}.Release|x64.Build.0 = Release|x64
		{08BAE171-A17A-45C6-B7EF-975EA27202B5}.Release|x86.ActiveCfg = Release|Win32
		{08BAE171-A17A-45C6-B7EF-975EA27202B5}.Release|x86.Build.0 = Release|Win32
	EndGlobalSection
	GlobalSection(SolutionProperties) = preSolution
		HideSolutionNode = FALSE
	EndGlobalSection
	GlobalSection(ExtensibilityGlobals) = postSolution
		SolutionGuid = {7F792CAF-D6DF-467D-9B2F-6EC6901EA889}
	EndGlobalSection
EndGlobal
